
Microsoft Visual Studio Solution File, Format Version 12.00
# Visual Studio Version 17
VisualStudioVersion = 17.9.34728.123
MinimumVisualStudioVersion = 10.0.40219.1
Project("{FAE04EC0-301F-11D3-BF4B-00C04F79EFBC}") = "Ej2Guia1.1ProgII", "Ej2Guia1.1ProgII\Ej2Guia1.1ProgII.csproj", "{F5A4139F-D3B5-4B38-9407-43CE2B7BE743}"
EndProject
Global
	GlobalSection(SolutionConfigurationPlatforms) = preSolution
		Debug|Any CPU = Debug|Any CPU
		Release|Any CPU = Release|Any CPU
	EndGlobalSection
	GlobalSection(ProjectConfigurationPlatforms) = postSolution
		{F5A4139F-D3B5-4B38-9407-43CE2B7BE743}.Debug|Any CPU.ActiveCfg = Debug|Any CPU
		{F5A4139F-D3B5-4B38-9407-43CE2B7BE743}.Debug|Any CPU.Build.0 = Debug|Any CPU
		{F5A4139F-D3B5-4B38-9407-43CE2B7BE743}.Release|Any CPU.ActiveCfg = Release|Any CPU
		{F5A4139F-D3B5-4B38-9407-43CE2B7BE743}.Release|Any CPU.Build.0 = Release|Any CPU
	EndGlobalSection
	GlobalSection(SolutionProperties) = preSolution
		HideSolutionNode = FALSE
	EndGlobalSection
	GlobalSection(ExtensibilityGlobals) = postSolution
		SolutionGuid = {687CB6D4-8AAC-459C-B542-3CBFBCD820CE}
	EndGlobalSection
EndGlobal
