
Microsoft Visual Studio Solution File, Format Version 12.00
# Visual Studio Version 17
VisualStudioVersion = 17.9.34728.123
MinimumVisualStudioVersion = 10.0.40219.1
Project("{FAE04EC0-301F-11D3-BF4B-00C04F79EFBC}") = "Ej1Guia1.1ProgII", "Ej1Guia1.1ProgII\Ej1Guia1.1ProgII.csproj", "{A68D2966-66BF-4C98-873B-5C8735B398C8}"
EndProject
Global
	GlobalSection(SolutionConfigurationPlatforms) = preSolution
		Debug|Any CPU = Debug|Any CPU
		Release|Any CPU = Release|Any CPU
	EndGlobalSection
	GlobalSection(ProjectConfigurationPlatforms) = postSolution
		{A68D2966-66BF-4C98-873B-5C8735B398C8}.Debug|Any CPU.ActiveCfg = Debug|Any CPU
		{A68D2966-66BF-4C98-873B-5C8735B398C8}.Debug|Any CPU.Build.0 = Debug|Any CPU
		{A68D2966-66BF-4C98-873B-5C8735B398C8}.Release|Any CPU.ActiveCfg = Release|Any CPU
		{A68D2966-66BF-4C98-873B-5C8735B398C8}.Release|Any CPU.Build.0 = Release|Any CPU
	EndGlobalSection
	GlobalSection(SolutionProperties) = preSolution
		HideSolutionNode = FALSE
	EndGlobalSection
	GlobalSection(ExtensibilityGlobals) = postSolution
		SolutionGuid = {09062295-7B23-4BB9-B6A5-7B7B859FE36D}
	EndGlobalSection
EndGlobal
